<?xml version="1.0" encoding="utf-8"?>
<Project ToolsVersion="4.0" xmlns="http://schemas.microsoft.com/developer/msbuild/2003">
  <ItemGroup>
    <Filter Include="Source Files">
      <UniqueIdentifier>{21a301c6-b366-4088-ab57-b7bb2dbc80df}</UniqueIdentifier>
    </Filter>
    <Filter Include="Header Files">
      <UniqueIdentifier>{76c150fc-f5f1-4648-ae20-8bc8d901f571}</UniqueIdentifier>
    </Filter>
    <Filter Include="Resource Files">
      <UniqueIdentifier>{b56c9b65-797f-48cc-8449-ef437aeab428}</UniqueIdentifier>
    </Filter>
    <Filter Include="Core Modules">
      <UniqueIdentifier>{1d794d6b-38a8-41d2-89a5-74cdbff8ce3f}</UniqueIdentifier>
    </Filter>
    <Filter Include="Third Party">
      <UniqueIdentifier>{c15f70e8-7f12-4e04-ac76-8d246b5e3ca4}</UniqueIdentifier>
    </Filter>
  </ItemGroup>
  <ItemGroup>
    <ClCompile Include="..\core\ast.ixx"><Filter>Core Modules</Filter></ClCompile>
    <ClCompile Include="..\core\buffer.ixx"><Filter>Core Modules</Filter></ClCompile>
    <ClCompile Include="..\core\caret.ixx"><Filter>Core Modules</Filter></ClCompile>
    <ClCompile Include="..\core\command.ixx"><Filter>Core Modules</Filter></ClCompile>
    <ClCompile Include="..\core\diagnostics.ixx"><Filter>Core Modules</Filter></ClCompile>
    <ClCompile Include="..\core\dialect.ixx"><Filter>Core Modules</Filter></ClCompile>
    <ClCompile Include="..\core\document.ixx"><Filter>Core Modules</Filter></ClCompile>
    <ClCompile Include="..\core\editor.ixx"><Filter>Core Modules</Filter></ClCompile>
    <ClCompile Include="..\core\error.ixx"><Filter>Core Modules</Filter></ClCompile>
    <ClCompile Include="..\core\extension.ixx"><Filter>Core Modules</Filter></ClCompile>
    <ClCompile Include="..\core\ids.ixx"><Filter>Core Modules</Filter></ClCompile>
    <ClCompile Include="..\core\input.ixx"><Filter>Core Modules</Filter></ClCompile>
    <ClCompile Include="..\core\metadata.ixx"><Filter>Core Modules</Filter></ClCompile>
    <ClCompile Include="..\core\outline.ixx"><Filter>Core Modules</Filter></ClCompile>
    <ClCompile Include="..\core\parser.ixx"><Filter>Core Modules</Filter></ClCompile>
    <ClCompile Include="..\core\render_builder.ixx"><Filter>Core Modules</Filter></ClCompile>
    <ClCompile Include="..\core\render_model.ixx"><Filter>Core Modules</Filter></ClCompile>
    <ClCompile Include="..\core\selection.ixx"><Filter>Core Modules</Filter></ClCompile>
    <ClCompile Include="..\core\semantic_edit.ixx"><Filter>Core Modules</Filter></ClCompile>
    <ClCompile Include="..\core\slug.ixx"><Filter>Core Modules</Filter></ClCompile>
    <ClCompile Include="..\core\source_map.ixx"><Filter>Core Modules</Filter></ClCompile>
    <ClCompile Include="..\core\source_structure.ixx"><Filter>Core Modules</Filter></ClCompile>
    <ClCompile Include="..\core\symbols.ixx"><Filter>Core Modules</Filter></ClCompile>
    <ClCompile Include="..\core\table_edit.ixx"><Filter>Core Modules</Filter></ClCompile>
    <ClCompile Include="..\core\theme.ixx"><Filter>Core Modules</Filter></ClCompile>
    <ClCompile Include="..\core\transaction.ixx"><Filter>Core Modules</Filter></ClCompile>
    <ClCompile Include="..\core\types.ixx"><Filter>Core Modules</Filter></ClCompile>
    <ClCompile Include="..\core\undo.ixx"><Filter>Core Modules</Filter></ClCompile>
    <ClCompile Include="..\core\utf.ixx"><Filter>Core Modules</Filter></ClCompile>
    <ClCompile Include="pch.cpp">
      <Filter>Source Files</Filter>
    </ClCompile>
    <ClCompile Include="App.xaml.cpp">
      <Filter>Source Files</Filter>
    </ClCompile>
    <ClCompile Include="MainWindow.xaml.cpp">
      <Filter>Source Files</Filter>
    </ClCompile>
    <ClCompile Include="EditorSession.cpp">
      <Filter>Source Files</Filter>
    </ClCompile>
    <ClCompile Include="EditorStyleSheet.cpp">
      <Filter>Source Files</Filter>
    </ClCompile>
    <ClCompile Include="EditorInteractionMap.cpp">
      <Filter>Source Files</Filter>
    </ClCompile>
    <ClCompile Include="EditorContentPreparation.cpp">
      <Filter>Source Files</Filter>
    </ClCompile>
    <ClCompile Include="EditorRenderResources.cpp">
      <Filter>Source Files</Filter>
    </ClCompile>
    <ClCompile Include="EditorRenderCache.cpp">
      <Filter>Source Files</Filter>
    </ClCompile>
    <ClCompile Include="EditorBlockLayoutCache.cpp">
      <Filter>Source Files</Filter>
    </ClCompile>
    <ClCompile Include="EditorSvgPainter.cpp">
      <Filter>Source Files</Filter>
    </ClCompile>
    <ClCompile Include="EditorTextLayoutEngine.cpp">
      <Filter>Source Files</Filter>
    </ClCompile>
    <ClCompile Include="EditorTableInteraction.cpp">
      <Filter>Source Files</Filter>
    </ClCompile>
    <ClCompile Include="EditorInlineImageRenderer.cpp">
      <Filter>Source Files</Filter>
    </ClCompile>
    <ClCompile Include="EditorQuoteBlockRenderer.cpp">
      <Filter>Source Files</Filter>
    </ClCompile>
    <ClCompile Include="EditorTableBlockRenderer.cpp">
      <Filter>Source Files</Filter>
    </ClCompile>
    <ClCompile Include="EditorScrollController.cpp">
      <Filter>Source Files</Filter>
    </ClCompile>
    <ClCompile Include="EditorTextInputController.cpp">
      <Filter>Source Files</Filter>
    </ClCompile>
    <ClCompile Include="EditorPointerController.cpp">
      <Filter>Source Files</Filter>
    </ClCompile>
    <ClCompile Include="EditorKeyboardController.cpp">
      <Filter>Source Files</Filter>
    </ClCompile>
    <ClCompile Include="EditorDocumentController.cpp">
      <Filter>Source Files</Filter>
    </ClCompile>
    <ClCompile Include="EditorSidebarController.cpp">
      <Filter>Source Files</Filter>
    </ClCompile>
    <ClCompile Include="EditorSurfaceRenderer.cpp">
      <Filter>Source Files</Filter>
    </ClCompile>
    <ClCompile Include="MathJaxRenderer.cpp">
      <Filter>Source Files</Filter>
    </ClCompile>
    <ClCompile Include="MermaidRenderer.cpp">
      <Filter>Source Files</Filter>
    </ClCompile>
    <ClCompile Include="SvgNormalizer.cpp">
      <Filter>Source Files</Filter>
    </ClCompile>
    <ClCompile Include="TreeSitterHighlighter.cpp">
      <Filter>Source Files</Filter>
    </ClCompile>
    <ClCompile Include="third_party\tree-sitter\runtime\lib.c">
      <Filter>Source Files</Filter>
    </ClCompile>
    <ClCompile Include="third_party\tree-sitter\grammars\*.c">
      <Filter>Source Files</Filter>
    </ClCompile>
  </ItemGroup>
  <ItemGroup>
    <ClInclude Include="pch.h">
      <Filter>Header Files</Filter>
    </ClInclude>
    <ClInclude Include="App.xaml.h">
      <Filter>Header Files</Filter>
    </ClInclude>
    <ClInclude Include="MainWindow.xaml.h">
      <Filter>Header Files</Filter>
    </ClInclude>
    <ClInclude Include="EditorSession.h">
      <Filter>Header Files</Filter>
    </ClInclude>
    <ClInclude Include="EditorRenderFrame.h">
      <Filter>Header Files</Filter>
    </ClInclude>
    <ClInclude Include="EditorStyleSheet.h">
      <Filter>Header Files</Filter>
    </ClInclude>
    <ClInclude Include="EditorInteractionMap.h">
      <Filter>Header Files</Filter>
    </ClInclude>
    <ClInclude Include="EditorContentPreparation.h">
      <Filter>Header Files</Filter>
    </ClInclude>
    <ClInclude Include="EditorRenderResources.h">
      <Filter>Header Files</Filter>
    </ClInclude>
    <ClInclude Include="EditorRenderCache.h">
      <Filter>Header Files</Filter>
    </ClInclude>
    <ClInclude Include="EditorBlockLayoutCache.h">
      <Filter>Header Files</Filter>
    </ClInclude>
    <ClInclude Include="EditorSvgPainter.h">
      <Filter>Header Files</Filter>
    </ClInclude>
    <ClInclude Include="EditorTextLayoutEngine.h">
      <Filter>Header Files</Filter>
    </ClInclude>
    <ClInclude Include="EditorTableInteraction.h">
      <Filter>Header Files</Filter>
    </ClInclude>
    <ClInclude Include="EditorInlineImageRenderer.h">
      <Filter>Header Files</Filter>
    </ClInclude>
    <ClInclude Include="EditorQuoteBlockRenderer.h">
      <Filter>Header Files</Filter>
    </ClInclude>
    <ClInclude Include="EditorEmbeddedDraw.h">
      <Filter>Header Files</Filter>
    </ClInclude>
    <ClInclude Include="EditorTableBlockRenderer.h">
      <Filter>Header Files</Filter>
    </ClInclude>
    <ClInclude Include="EditorScrollController.h">
      <Filter>Header Files</Filter>
    </ClInclude>
    <ClInclude Include="EditorTextInputController.h">
      <Filter>Header Files</Filter>
    </ClInclude>
    <ClInclude Include="EditorPointerController.h">
      <Filter>Header Files</Filter>
    </ClInclude>
    <ClInclude Include="EditorKeyboardController.h">
      <Filter>Header Files</Filter>
    </ClInclude>
    <ClInclude Include="EditorDocumentController.h">
      <Filter>Header Files</Filter>
    </ClInclude>
    <ClInclude Include="EditorSidebarController.h">
      <Filter>Header Files</Filter>
    </ClInclude>
    <ClInclude Include="EditorSurfaceRenderer.h">
      <Filter>Header Files</Filter>
    </ClInclude>
    <ClInclude Include="MathJaxRenderer.h">
      <Filter>Header Files</Filter>
    </ClInclude>
    <ClInclude Include="MermaidRenderer.h">
      <Filter>Header Files</Filter>
    </ClInclude>
    <ClInclude Include="SvgNormalizer.h">
      <Filter>Header Files</Filter>
    </ClInclude>
    <ClInclude Include="TreeSitterHighlighter.h">
      <Filter>Header Files</Filter>
    </ClInclude>
  </ItemGroup>
  <ItemGroup>
    <ApplicationDefinition Include="App.xaml">
      <Filter>Resource Files</Filter>
    </ApplicationDefinition>
    <Page Include="MainWindow.xaml">
      <Filter>Resource Files</Filter>
    </Page>
    <Midl Include="MainWindow.idl">
      <Filter>Resource Files</Filter>
    </Midl>
    <Manifest Include="app.manifest">
      <Filter>Resource Files</Filter>
    </Manifest>
    <AppxManifest Include="Package.appxmanifest">
      <Filter>Resource Files</Filter>
    </AppxManifest>
  </ItemGroup>
  <ItemGroup>
    <Image Include="Assets\LockScreenLogo.scale-200.png">
      <Filter>Resource Files</Filter>
    </Image>
    <Image Include="Assets\SplashScreen.scale-200.png">
      <Filter>Resource Files</Filter>
    </Image>
    <Image Include="Assets\Square150x150Logo.scale-200.png">
      <Filter>Resource Files</Filter>
    </Image>
    <Image Include="Assets\Square44x44Logo.scale-200.png">
      <Filter>Resource Files</Filter>
    </Image>
    <Image Include="Assets\Square44x44Logo.targetsize-24_altform-unplated.png">
      <Filter>Resource Files</Filter>
    </Image>
    <Image Include="Assets\StoreLogo.png">
      <Filter>Resource Files</Filter>
    </Image>
    <Image Include="Assets\Wide310x150Logo.scale-200.png">
      <Filter>Resource Files</Filter>
    </Image>
  </ItemGroup>
</Project>
