<?xml version="1.0" encoding="utf-8"?>
<Project ToolsVersion="4.0" xmlns="http://schemas.microsoft.com/developer/msbuild/2003">
  <ItemGroup>
    <Filter Include="Application Shell">
      <UniqueIdentifier>{21a301c6-b366-4088-ab57-b7bb2dbc80df}</UniqueIdentifier>
    </Filter>
    <Filter Include="Editor">
      <UniqueIdentifier>{d66d082f-cb5d-4f22-9865-670fe1bd5691}</UniqueIdentifier>
    </Filter>
    <Filter Include="Editor\Session">
      <UniqueIdentifier>{d5a063a8-6ccf-4806-88fd-d423b283d0c5}</UniqueIdentifier>
    </Filter>
    <Filter Include="Editor\Interaction">
      <UniqueIdentifier>{7bb05fe1-267a-4881-85b4-b98e989413ef}</UniqueIdentifier>
    </Filter>
    <Filter Include="Editor\Rendering">
      <UniqueIdentifier>{8b8ff884-cf1c-4a02-b084-f8f3d6c26263}</UniqueIdentifier>
    </Filter>
    <Filter Include="Media Services">
      <UniqueIdentifier>{b6e56fcf-6f17-4d8d-8be1-92ff4a332750}</UniqueIdentifier>
    </Filter>
    <Filter Include="Export">
      <UniqueIdentifier>{15147dba-5cd9-45ba-852d-3522a077d31b}</UniqueIdentifier>
    </Filter>
    <Filter Include="Core Modules">
      <UniqueIdentifier>{1d794d6b-38a8-41d2-89a5-74cdbff8ce3f}</UniqueIdentifier>
    </Filter>
    <Filter Include="Core Modules\Model">
      <UniqueIdentifier>{ee4c35f8-b913-438b-83f5-2754d6595c5d}</UniqueIdentifier>
    </Filter>
    <Filter Include="Core Modules\Parsing">
      <UniqueIdentifier>{3bafaa15-0ccb-4dcf-8e05-b4fa0b950914}</UniqueIdentifier>
    </Filter>
    <Filter Include="Core Modules\Editing">
      <UniqueIdentifier>{850d83f6-bc7f-41af-861d-c7b68df9821f}</UniqueIdentifier>
    </Filter>
    <Filter Include="Core Modules\Query">
      <UniqueIdentifier>{90f7a303-5330-4d88-8b9a-27f6ab5f4ef8}</UniqueIdentifier>
    </Filter>
    <Filter Include="Core Modules\Rendering">
      <UniqueIdentifier>{c59b2f1f-a34f-4e79-a00a-23cf65dc253b}</UniqueIdentifier>
    </Filter>
    <Filter Include="Core Modules\Source">
      <UniqueIdentifier>{00f03dc6-c8ea-48eb-b74b-9bb5b65127f2}</UniqueIdentifier>
    </Filter>
    <Filter Include="Core Modules\Support">
      <UniqueIdentifier>{ed439d88-b4eb-4daf-894e-62d49461c772}</UniqueIdentifier>
    </Filter>
    <Filter Include="Third Party">
      <UniqueIdentifier>{c15f70e8-7f12-4e04-ac76-8d246b5e3ca4}</UniqueIdentifier>
    </Filter>
    <Filter Include="Resources">
      <UniqueIdentifier>{b56c9b65-797f-48cc-8449-ef437aeab428}</UniqueIdentifier>
    </Filter>
    <Filter Include="Theme">
      <UniqueIdentifier>{ac059afc-bc91-44a7-97ec-42f0bca22c02}</UniqueIdentifier>
    </Filter>
    <Filter Include="Settings">
      <UniqueIdentifier>{d58f1065-cfec-4d7e-bbb8-bcc2c1251bca}</UniqueIdentifier>
    </Filter>
    <Filter Include="Storage">
      <UniqueIdentifier>{fa0552ea-8304-4269-8534-12ed0641c419}</UniqueIdentifier>
    </Filter>
  </ItemGroup>
  <ItemGroup>
    <ClCompile Include="..\core\model\ast.ixx">
      <Filter>Core Modules\Model</Filter>
    </ClCompile>
    <ClCompile Include="..\core\parsing\block_source.ixx">
      <Filter>Core Modules\Parsing</Filter>
    </ClCompile>
    <ClCompile Include="..\core\model\block_tree.ixx">
      <Filter>Core Modules\Model</Filter>
    </ClCompile>
    <ClCompile Include="..\core\model\callout.ixx">
      <Filter>Core Modules\Model</Filter>
    </ClCompile>
    <ClCompile Include="..\core\editing\command.ixx">
      <Filter>Core Modules\Editing</Filter>
    </ClCompile>
    <ClCompile Include="..\core\support\diagnostics.ixx">
      <Filter>Core Modules\Support</Filter>
    </ClCompile>
    <ClCompile Include="..\core\parsing\dialect.ixx">
      <Filter>Core Modules\Parsing</Filter>
    </ClCompile>
    <ClCompile Include="..\core\model\document.ixx">
      <Filter>Core Modules\Model</Filter>
    </ClCompile>
    <ClCompile Include="..\core\editing\document_edit.ixx">
      <Filter>Core Modules\Editing</Filter>
    </ClCompile>
    <ClCompile Include="..\core\editing\document_edit_support.ixx">
      <Filter>Core Modules\Editing</Filter>
    </ClCompile>
    <ClCompile Include="..\core\editing\document_edit_primitives.ixx">
      <Filter>Core Modules\Editing</Filter>
    </ClCompile>
    <ClCompile Include="..\core\editing\document_block_edit.ixx">
      <Filter>Core Modules\Editing</Filter>
    </ClCompile>
    <ClCompile Include="..\core\editing\document_edit_validation.ixx">
      <Filter>Core Modules\Editing</Filter>
    </ClCompile>
    <ClCompile Include="..\core\editing\document_block_reparse.ixx">
      <Filter>Core Modules\Editing</Filter>
    </ClCompile>
    <ClCompile Include="..\core\editing\document_copy.ixx">
      <Filter>Core Modules\Editing</Filter>
    </ClCompile>
    <ClCompile Include="..\core\editing\document_paste.ixx">
      <Filter>Core Modules\Editing</Filter>
    </ClCompile>
    <ClCompile Include="..\core\editing\document_footnotes.ixx">
      <Filter>Core Modules\Editing</Filter>
    </ClCompile>
    <ClCompile Include="..\core\editing\document_input_rules.ixx">
      <Filter>Core Modules\Editing</Filter>
    </ClCompile>
    <ClCompile Include="..\core\editing\document_input_syntax.ixx">
      <Filter>Core Modules\Editing</Filter>
    </ClCompile>
    <ClCompile Include="..\core\editing\document_list_input.ixx">
      <Filter>Core Modules\Editing</Filter>
    </ClCompile>
    <ClCompile Include="..\core\editing\document_block_input.ixx">
      <Filter>Core Modules\Editing</Filter>
    </ClCompile>
    <ClCompile Include="..\core\editing\document_source_edit.ixx">
      <Filter>Core Modules\Editing</Filter>
    </ClCompile>
    <ClCompile Include="..\core\editing\document_inline_format.ixx">
      <Filter>Core Modules\Editing</Filter>
    </ClCompile>
    <ClCompile Include="..\core\editing\document_structure_edit.ixx">
      <Filter>Core Modules\Editing</Filter>
    </ClCompile>
    <ClCompile Include="..\core\editing\document_transaction.ixx">
      <Filter>Core Modules\Editing</Filter>
    </ClCompile>
    <ClCompile Include="..\core\editing\document_operation_apply.ixx">
      <Filter>Core Modules\Editing</Filter>
    </ClCompile>
    <ClCompile Include="..\core\editing\document_history.ixx">
      <Filter>Core Modules\Editing</Filter>
    </ClCompile>
    <ClCompile Include="..\core\query\document_symbols.ixx">
      <Filter>Core Modules\Query</Filter>
    </ClCompile>
    <ClCompile Include="..\core\query\document_text.ixx">
      <Filter>Core Modules\Query</Filter>
    </ClCompile>
    <ClCompile Include="..\core\editing\editor.ixx">
      <Filter>Core Modules\Editing</Filter>
    </ClCompile>
    <ClCompile Include="..\core\support\error.ixx">
      <Filter>Core Modules\Support</Filter>
    </ClCompile>
    <ClCompile Include="..\core\model\extension.ixx">
      <Filter>Core Modules\Model</Filter>
    </ClCompile>
    <ClCompile Include="..\core\model\ids.ixx">
      <Filter>Core Modules\Model</Filter>
    </ClCompile>
    <ClCompile Include="..\core\editing\input.ixx">
      <Filter>Core Modules\Editing</Filter>
    </ClCompile>
    <ClCompile Include="..\core\support\instrumentation.ixx">
      <Filter>Core Modules\Support</Filter>
    </ClCompile>
    <ClCompile Include="..\core\model\inline_cst.ixx">
      <Filter>Core Modules\Model</Filter>
    </ClCompile>
    <ClCompile Include="..\core\model\inline_document.ixx">
      <Filter>Core Modules\Model</Filter>
    </ClCompile>
    <ClCompile Include="..\core\parsing\inline_parser.ixx">
      <Filter>Core Modules\Parsing</Filter>
    </ClCompile>
    <ClCompile Include="..\core\editing\inline_source_edit.ixx">
      <Filter>Core Modules\Editing</Filter>
    </ClCompile>
    <ClCompile Include="..\core\rendering\layout_plan.ixx">
      <Filter>Core Modules\Rendering</Filter>
    </ClCompile>
    <ClCompile Include="..\core\model\metadata.ixx">
      <Filter>Core Modules\Model</Filter>
    </ClCompile>
    <ClCompile Include="..\core\query\outline.ixx">
      <Filter>Core Modules\Query</Filter>
    </ClCompile>
    <ClCompile Include="..\core\parsing\parser.ixx">
      <Filter>Core Modules\Parsing</Filter>
    </ClCompile>
    <ClCompile Include="..\core\rendering\render_builder.ixx">
      <Filter>Core Modules\Rendering</Filter>
    </ClCompile>
    <ClCompile Include="..\core\rendering\render_model.ixx">
      <Filter>Core Modules\Rendering</Filter>
    </ClCompile>
    <ClCompile Include="..\core\source\source_style.ixx">
      <Filter>Core Modules\Source</Filter>
    </ClCompile>
    <ClCompile Include="..\core\source\source_editor.ixx">
      <Filter>Core Modules\Source</Filter>
    </ClCompile>
    <ClCompile Include="..\core\source\source_render.ixx">
      <Filter>Core Modules\Source</Filter>
    </ClCompile>
    <ClCompile Include="..\core\editing\selection.ixx">
      <Filter>Core Modules\Editing</Filter>
    </ClCompile>
    <ClCompile Include="..\core\parsing\serializer.ixx">
      <Filter>Core Modules\Parsing</Filter>
    </ClCompile>
    <ClCompile Include="..\core\parsing\slug.ixx">
      <Filter>Core Modules\Parsing</Filter>
    </ClCompile>
    <ClCompile Include="..\core\model\symbols.ixx">
      <Filter>Core Modules\Model</Filter>
    </ClCompile>
    <ClCompile Include="..\core\rendering\theme.ixx">
      <Filter>Core Modules\Rendering</Filter>
    </ClCompile>
    <ClCompile Include="..\core\editing\text_edit.ixx">
      <Filter>Core Modules\Editing</Filter>
    </ClCompile>
    <ClCompile Include="..\core\support\types.ixx">
      <Filter>Core Modules\Support</Filter>
    </ClCompile>
    <ClCompile Include="..\core\support\utf.ixx">
      <Filter>Core Modules\Support</Filter>
    </ClCompile>
    <ClCompile Include="pch.cpp">
      <Filter>Application Shell</Filter>
    </ClCompile>
    <ClCompile Include="theme\ThemeConfig.cpp">
      <Filter>Theme</Filter>
    </ClCompile>
    <ClCompile Include="theme\ThemeCatalog.cpp">
      <Filter>Theme</Filter>
    </ClCompile>
    <ClCompile Include="settings\AppSettings.cpp">
      <Filter>Settings</Filter>
    </ClCompile>
    <ClCompile Include="settings\SettingsView.cpp">
      <Filter>Settings</Filter>
    </ClCompile>
    <ClCompile Include="MainWindow.Settings.cpp">
      <Filter>Settings</Filter>
    </ClCompile>
    <ClCompile Include="storage\AssetPaths.cpp">
      <Filter>Storage</Filter>
    </ClCompile>
    <ClCompile Include="editor\session\EditorSession.cpp">
      <Filter>Editor\Session</Filter>
    </ClCompile>
    <ClCompile Include="media\EditorGifDecoder.cpp">
      <Filter>Media Services</Filter>
    </ClCompile>
    <ClCompile Include="editor\rendering\EditorStyleSheet.cpp">
      <Filter>Editor\Rendering</Filter>
    </ClCompile>
    <ClCompile Include="editor\interaction\EditorInteractionMap.cpp">
      <Filter>Editor\Interaction</Filter>
    </ClCompile>
    <ClCompile Include="editor\rendering\EditorContentPreparation.cpp">
      <Filter>Editor\Rendering</Filter>
    </ClCompile>
    <ClCompile Include="editor\rendering\EditorContentUtilities.cpp">
      <Filter>Editor\Rendering</Filter>
    </ClCompile>
    <ClCompile Include="editor\rendering\EditorInlineObjects.cpp">
      <Filter>Editor\Rendering</Filter>
    </ClCompile>
    <ClCompile Include="editor\rendering\EditorBlockContentPreparation.cpp">
      <Filter>Editor\Rendering</Filter>
    </ClCompile>
    <ClCompile Include="editor\rendering\EditorRenderResources.cpp">
      <Filter>Editor\Rendering</Filter>
    </ClCompile>
    <ClCompile Include="editor\rendering\EditorRenderCache.cpp">
      <Filter>Editor\Rendering</Filter>
    </ClCompile>
    <ClCompile Include="editor\rendering\EditorRenderCache.Images.cpp">
      <Filter>Editor\Rendering</Filter>
    </ClCompile>
    <ClCompile Include="editor\rendering\EditorRenderCache.Layout.cpp">
      <Filter>Editor\Rendering</Filter>
    </ClCompile>
    <ClCompile Include="editor\rendering\EditorSvgPainter.cpp">
      <Filter>Editor\Rendering</Filter>
    </ClCompile>
    <ClCompile Include="editor\rendering\EditorTextLayoutEngine.cpp">
      <Filter>Editor\Rendering</Filter>
    </ClCompile>
    <ClCompile Include="editor\interaction\EditorTableInteraction.cpp">
      <Filter>Editor\Interaction</Filter>
    </ClCompile>
    <ClCompile Include="editor\rendering\EditorInlineImageRenderer.cpp">
      <Filter>Editor\Rendering</Filter>
    </ClCompile>
    <ClCompile Include="editor\rendering\EditorTableBlockRenderer.cpp">
      <Filter>Editor\Rendering</Filter>
    </ClCompile>
    <ClCompile Include="editor\interaction\EditorScrollController.cpp">
      <Filter>Editor\Interaction</Filter>
    </ClCompile>
    <ClCompile Include="editor\interaction\EditorTextInputController.cpp">
      <Filter>Editor\Interaction</Filter>
    </ClCompile>
    <ClCompile Include="editor\interaction\EditorPointerController.cpp">
      <Filter>Editor\Interaction</Filter>
    </ClCompile>
    <ClCompile Include="editor\interaction\EditorKeyboardController.cpp">
      <Filter>Editor\Interaction</Filter>
    </ClCompile>
    <ClCompile Include="editor\interaction\EditorDocumentController.cpp">
      <Filter>Editor\Interaction</Filter>
    </ClCompile>
    <ClCompile Include="export\EditorPdfPrintJob.cpp">
      <Filter>Export</Filter>
    </ClCompile>
    <ClCompile Include="editor\interaction\EditorSidebarController.cpp">
      <Filter>Editor\Interaction</Filter>
    </ClCompile>
    <ClCompile Include="editor\rendering\EditorSurfaceRenderer.cpp">
      <Filter>Editor\Rendering</Filter>
    </ClCompile>
    <ClCompile Include="editor\rendering\EditorSurfaceRenderer.Document.cpp">
      <Filter>Editor\Rendering</Filter>
    </ClCompile>
    <ClCompile Include="editor\rendering\EditorSurfaceRenderer.Interaction.cpp">
      <Filter>Editor\Rendering</Filter>
    </ClCompile>
    <ClCompile Include="editor\rendering\EditorSurfaceRenderer.Pdf.cpp">
      <Filter>Editor\Rendering</Filter>
    </ClCompile>
    <ClCompile Include="media\MathJaxRenderer.cpp">
      <Filter>Media Services</Filter>
    </ClCompile>
    <ClCompile Include="media\MermaidRenderer.cpp">
      <Filter>Media Services</Filter>
    </ClCompile>
    <ClCompile Include="media\SvgNormalizer.cpp">
      <Filter>Media Services</Filter>
    </ClCompile>
    <ClCompile Include="media\TreeSitterHighlighter.cpp">
      <Filter>Media Services</Filter>
    </ClCompile>
    <ClCompile Include="third_party\tree-sitter\runtime\lib.c">
      <Filter>Third Party</Filter>
    </ClCompile>
    <ClCompile Include="third_party\tree-sitter\grammars\*.c">
      <Filter>Third Party</Filter>
    </ClCompile>
    <ClCompile Include="App.xaml.cpp">
      <Filter>Application Shell</Filter>
    </ClCompile>
    <ClCompile Include="MainWindow.xaml.cpp">
      <Filter>Application Shell</Filter>
    </ClCompile>
    <ClCompile Include="MainWindow.Events.cpp">
      <Filter>Application Shell</Filter>
    </ClCompile>
    <ClCompile Include="MainWindow.Commands.cpp">
      <Filter>Application Shell</Filter>
    </ClCompile>
    <ClCompile Include="$(GeneratedFilesDir)module.g.cpp">
      <Filter>Application Shell</Filter>
    </ClCompile>
  </ItemGroup>
  <ItemGroup>
    <ClInclude Include="pch.h">
      <Filter>Application Shell</Filter>
    </ClInclude>
    <ClInclude Include="theme\ThemeConfig.h">
      <Filter>Theme</Filter>
    </ClInclude>
    <ClInclude Include="theme\ThemeCatalog.h">
      <Filter>Theme</Filter>
    </ClInclude>
    <ClInclude Include="settings\AppSettings.h">
      <Filter>Settings</Filter>
    </ClInclude>
    <ClInclude Include="settings\SettingsView.h">
      <Filter>Settings</Filter>
    </ClInclude>
    <ClInclude Include="storage\AssetPaths.h">
      <Filter>Storage</Filter>
    </ClInclude>
    <ClInclude Include="editor\session\EditorSession.h">
      <Filter>Editor\Session</Filter>
    </ClInclude>
    <ClInclude Include="editor\session\EditorRenderFrame.h">
      <Filter>Editor\Session</Filter>
    </ClInclude>
    <ClInclude Include="editor\rendering\EditorStyleSheet.h">
      <Filter>Editor\Rendering</Filter>
    </ClInclude>
    <ClInclude Include="editor\interaction\EditorInteractionMap.h">
      <Filter>Editor\Interaction</Filter>
    </ClInclude>
    <ClInclude Include="editor\session\EditorDisplayMapping.h">
      <Filter>Editor\Session</Filter>
    </ClInclude>
    <ClInclude Include="editor\rendering\EditorContentPreparation.h">
      <Filter>Editor\Rendering</Filter>
    </ClInclude>
    <ClInclude Include="editor\rendering\EditorRenderResources.h">
      <Filter>Editor\Rendering</Filter>
    </ClInclude>
    <ClInclude Include="media\EditorGifDecoder.h">
      <Filter>Media Services</Filter>
    </ClInclude>
    <ClInclude Include="editor\rendering\EditorRenderCache.h">
      <Filter>Editor\Rendering</Filter>
    </ClInclude>
    <ClInclude Include="editor\rendering\EditorSvgPainter.h">
      <Filter>Editor\Rendering</Filter>
    </ClInclude>
    <ClInclude Include="editor\rendering\EditorTextLayoutEngine.h">
      <Filter>Editor\Rendering</Filter>
    </ClInclude>
    <ClInclude Include="editor\interaction\EditorTableInteraction.h">
      <Filter>Editor\Interaction</Filter>
    </ClInclude>
    <ClInclude Include="editor\rendering\EditorInlineImageRenderer.h">
      <Filter>Editor\Rendering</Filter>
    </ClInclude>
    <ClInclude Include="editor\rendering\EditorEmbeddedDraw.h">
      <Filter>Editor\Rendering</Filter>
    </ClInclude>
    <ClInclude Include="editor\rendering\EditorTableBlockRenderer.h">
      <Filter>Editor\Rendering</Filter>
    </ClInclude>
    <ClInclude Include="editor\interaction\EditorScrollController.h">
      <Filter>Editor\Interaction</Filter>
    </ClInclude>
    <ClInclude Include="editor\interaction\EditorTextInputController.h">
      <Filter>Editor\Interaction</Filter>
    </ClInclude>
    <ClInclude Include="editor\interaction\EditorPointerController.h">
      <Filter>Editor\Interaction</Filter>
    </ClInclude>
    <ClInclude Include="editor\interaction\EditorKeyboardController.h">
      <Filter>Editor\Interaction</Filter>
    </ClInclude>
    <ClInclude Include="editor\interaction\EditorDocumentController.h">
      <Filter>Editor\Interaction</Filter>
    </ClInclude>
    <ClInclude Include="export\EditorPdfPrintJob.h">
      <Filter>Export</Filter>
    </ClInclude>
    <ClInclude Include="editor\interaction\EditorSidebarController.h">
      <Filter>Editor\Interaction</Filter>
    </ClInclude>
    <ClInclude Include="editor\rendering\EditorSurfaceRenderer.h">
      <Filter>Editor\Rendering</Filter>
    </ClInclude>
    <ClInclude Include="editor\rendering\EditorPreparedDocument.h">
      <Filter>Editor\Rendering</Filter>
    </ClInclude>
    <ClInclude Include="media\MathJaxRenderer.h">
      <Filter>Media Services</Filter>
    </ClInclude>
    <ClInclude Include="media\MermaidRenderer.h">
      <Filter>Media Services</Filter>
    </ClInclude>
    <ClInclude Include="media\SvgNormalizer.h">
      <Filter>Media Services</Filter>
    </ClInclude>
    <ClInclude Include="media\TreeSitterHighlighter.h">
      <Filter>Media Services</Filter>
    </ClInclude>
    <ClInclude Include="App.xaml.h">
      <Filter>Application Shell</Filter>
    </ClInclude>
    <ClInclude Include="MainWindow.xaml.h">
      <Filter>Application Shell</Filter>
    </ClInclude>
  </ItemGroup>
  <ItemGroup>
    <ApplicationDefinition Include="App.xaml">
      <Filter>Resources</Filter>
    </ApplicationDefinition>
  </ItemGroup>
  <ItemGroup>
    <Page Include="MainWindow.xaml">
      <Filter>Resources</Filter>
    </Page>
  </ItemGroup>
  <ItemGroup>
    <Midl Include="MainWindow.idl">
      <Filter>Resources</Filter>
    </Midl>
  </ItemGroup>
  <ItemGroup>
    <None Include="Assets\themes\dark.json">
      <Filter>Theme</Filter>
    </None>
    <None Include="Assets\themes\light.json">
      <Filter>Theme</Filter>
    </None>
    <None Include="Assets\themes\high-contrast.json">
      <Filter>Theme</Filter>
    </None>
  </ItemGroup>
  <ItemGroup>
    <Manifest Include="app.manifest">
      <Filter>Resources</Filter>
    </Manifest>
  </ItemGroup>
  <ItemGroup>
    <AppxManifest Include="Package.appxmanifest">
      <Filter>Resources</Filter>
    </AppxManifest>
  </ItemGroup>
  <ItemGroup>
    <Image Include="Assets\LockScreenLogo.scale-200.png">
      <Filter>Resources</Filter>
    </Image>
    <Image Include="Assets\SplashScreen.scale-200.png">
      <Filter>Resources</Filter>
    </Image>
    <Image Include="Assets\Square150x150Logo.scale-200.png">
      <Filter>Resources</Filter>
    </Image>
    <Image Include="Assets\Square44x44Logo.scale-200.png">
      <Filter>Resources</Filter>
    </Image>
    <Image Include="Assets\Square44x44Logo.targetsize-24_altform-unplated.png">
      <Filter>Resources</Filter>
    </Image>
    <Image Include="Assets\StoreLogo.png">
      <Filter>Resources</Filter>
    </Image>
    <Image Include="Assets\Wide310x150Logo.scale-200.png">
      <Filter>Resources</Filter>
    </Image>
  </ItemGroup>
</Project>
